{"is_source_file": false, "format": "", "description": "", "external_files": [], "external_methods": [], "published": [], "classes": [], "methods": [], "calls": [], "search-terms": [], "state": 2, "file_id": 31, "knowledge_revision": 65, "git_revision": "a8827e877dbc26cf59eb523e2351d26e5a2a469f", "hash": "e9b4c3b42cef0193b7fddb548d37e652", "format-version": 4, "code-base-name": "flutter_frontend", "filename": "flutter_frontend/post_process_status.lock", "revision_history": [{"65": "a8827e877dbc26cf59eb523e2351d26e5a2a469f"}]}